
Microsoft Visual Studio Solution File, Format Version 12.00
# Visual Studio Version 17
VisualStudioVersion = 17.11.35312.102
MinimumVisualStudioVersion = 10.0.40219.1
Project("{FAE04EC0-301F-11D3-BF4B-00C04F79EFBC}") = "ReactApp.Server", "ReactApp.Server\ReactApp.Server.csproj", "{D8B50D07-CA72-419D-8C29-9173EABB4E73}"
EndProject
Project("{54A90642-561A-4BB1-A94E-469ADEE60C69}") = "ReactApp.Client", "reactapp.client\ReactApp.Client.esproj", "{97735D30-B7C2-48D9-B0FD-9B6B95F44430}"
EndProject
Global
	GlobalSection(SolutionConfigurationPlatforms) = preSolution
		Debug|Any CPU = Debug|Any CPU
		Release|Any CPU = Release|Any CPU
	EndGlobalSection
	GlobalSection(ProjectConfigurationPlatforms) = postSolution
		{D8B50D07-CA72-419D-8C29-9173EABB4E73}.Debug|Any CPU.ActiveCfg = Debug|Any CPU
		{D8B50D07-CA72-419D-8C29-9173EABB4E73}.Debug|Any CPU.Build.0 = Debug|Any CPU
		{D8B50D07-CA72-419D-8C29-9173EABB4E73}.Release|Any CPU.ActiveCfg = Release|Any CPU
		{D8B50D07-CA72-419D-8C29-9173EABB4E73}.Release|Any CPU.Build.0 = Release|Any CPU
		{97735D30-B7C2-48D9-B0FD-9B6B95F44430}.Debug|Any CPU.ActiveCfg = Debug|Any CPU
		{97735D30-B7C2-48D9-B0FD-9B6B95F44430}.Debug|Any CPU.Build.0 = Debug|Any CPU
		{97735D30-B7C2-48D9-B0FD-9B6B95F44430}.Debug|Any CPU.Deploy.0 = Debug|Any CPU
		{97735D30-B7C2-48D9-B0FD-9B6B95F44430}.Release|Any CPU.ActiveCfg = Release|Any CPU
		{97735D30-B7C2-48D9-B0FD-9B6B95F44430}.Release|Any CPU.Build.0 = Release|Any CPU
		{97735D30-B7C2-48D9-B0FD-9B6B95F44430}.Release|Any CPU.Deploy.0 = Release|Any CPU
	EndGlobalSection
	GlobalSection(SolutionProperties) = preSolution
		HideSolutionNode = FALSE
	EndGlobalSection
	GlobalSection(ExtensibilityGlobals) = postSolution
		SolutionGuid = {1EE3F521-5A5F-403B-82EC-7CF3A0EC3A22}
	EndGlobalSection
EndGlobal
